
Microsoft Visual Studio Solution File, Format Version 12.00
# Visual Studio 15
VisualStudioVersion = 15.0.26621.2
MinimumVisualStudioVersion = 10.0.40219.1
Project("{9A19103F-16F7-4668-BE54-9A1E7A4F7556}") = "API", "api\API.csproj", "{48CCE52D-1764-4906-BBE1-50734E624270}"
EndProject
Project("{9A19103F-16F7-4668-BE54-9A1E7A4F7556}") = "Worker", "worker\Worker.csproj", "{62845921-0FB6-4F2A-B966-49BDAE052A55}"
EndProject
Project("{9A19103F-16F7-4668-BE54-9A1E7A4F7556}") = "Core", "core\Core.csproj", "{949277F6-5826-46F1-B5EE-0719B73AB52C}"
EndProject
Project("{2150E333-8FDC-42A3-9474-1A3956D46DE8}") = "tests", "tests", "{91770D58-2C84-4C4E-A0AF-0908F9D42EF6}"
EndProject
Project("{9A19103F-16F7-4668-BE54-9A1E7A4F7556}") = "CoreTests", "tests\CoreTests\CoreTests.csproj", "{2BB2C560-6114-4C68-A7C4-E2846BE33304}"
EndProject
Project("{9A19103F-16F7-4668-BE54-9A1E7A4F7556}") = "APITests", "tests\APITests\APITests.csproj", "{8D181C89-2A72-4ED3-A912-A0574FEDBB40}"
EndProject
Project("{2150E333-8FDC-42A3-9474-1A3956D46DE8}") = "Solution Items", "Solution Items", "{4438B221-51E1-433D-9192-F47C086A93B7}"
	ProjectSection(SolutionItems) = preProject
		nuget.config = nuget.config
		README.md = README.md
	EndProjectSection
EndProject
Global
	GlobalSection(SolutionConfigurationPlatforms) = preSolution
		Debug|Any CPU = Debug|Any CPU
		Release|Any CPU = Release|Any CPU
	EndGlobalSection
	GlobalSection(ProjectConfigurationPlatforms) = postSolution
		{48CCE52D-1764-4906-BBE1-50734E624270}.Debug|Any CPU.ActiveCfg = Debug|Any CPU
		{48CCE52D-1764-4906-BBE1-50734E624270}.Debug|Any CPU.Build.0 = Debug|Any CPU
		{48CCE52D-1764-4906-BBE1-50734E624270}.Release|Any CPU.ActiveCfg = Release|Any CPU
		{48CCE52D-1764-4906-BBE1-50734E624270}.Release|Any CPU.Build.0 = Release|Any CPU
		{62845921-0FB6-4F2A-B966-49BDAE052A55}.Debug|Any CPU.ActiveCfg = Debug|Any CPU
		{62845921-0FB6-4F2A-B966-49BDAE052A55}.Debug|Any CPU.Build.0 = Debug|Any CPU
		{62845921-0FB6-4F2A-B966-49BDAE052A55}.Release|Any CPU.ActiveCfg = Release|Any CPU
		{62845921-0FB6-4F2A-B966-49BDAE052A55}.Release|Any CPU.Build.0 = Release|Any CPU
		{949277F6-5826-46F1-B5EE-0719B73AB52C}.Debug|Any CPU.ActiveCfg = Debug|Any CPU
		{949277F6-5826-46F1-B5EE-0719B73AB52C}.Debug|Any CPU.Build.0 = Debug|Any CPU
		{949277F6-5826-46F1-B5EE-0719B73AB52C}.Release|Any CPU.ActiveCfg = Release|Any CPU
		{949277F6-5826-46F1-B5EE-0719B73AB52C}.Release|Any CPU.Build.0 = Release|Any CPU
		{2BB2C560-6114-4C68-A7C4-E2846BE33304}.Debug|Any CPU.ActiveCfg = Debug|Any CPU
		{2BB2C560-6114-4C68-A7C4-E2846BE33304}.Debug|Any CPU.Build.0 = Debug|Any CPU
		{2BB2C560-6114-4C68-A7C4-E2846BE33304}.Release|Any CPU.ActiveCfg = Release|Any CPU
		{2BB2C560-6114-4C68-A7C4-E2846BE33304}.Release|Any CPU.Build.0 = Release|Any CPU
		{8D181C89-2A72-4ED3-A912-A0574FEDBB40}.Debug|Any CPU.ActiveCfg = Debug|Any CPU
		{8D181C89-2A72-4ED3-A912-A0574FEDBB40}.Debug|Any CPU.Build.0 = Debug|Any CPU
		{8D181C89-2A72-4ED3-A912-A0574FEDBB40}.Release|Any CPU.ActiveCfg = Release|Any CPU
		{8D181C89-2A72-4ED3-A912-A0574FEDBB40}.Release|Any CPU.Build.0 = Release|Any CPU
	EndGlobalSection
	GlobalSection(SolutionProperties) = preSolution
		HideSolutionNode = FALSE
	EndGlobalSection
	GlobalSection(NestedProjects) = preSolution
		{2BB2C560-6114-4C68-A7C4-E2846BE33304} = {91770D58-2C84-4C4E-A0AF-0908F9D42EF6}
		{8D181C89-2A72-4ED3-A912-A0574FEDBB40} = {91770D58-2C84-4C4E-A0AF-0908F9D42EF6}
	EndGlobalSection
	GlobalSection(ExtensibilityGlobals) = postSolution
		SolutionGuid = {84713515-9EBB-40E0-AEE0-4E4B66ABFFFF}
	EndGlobalSection
EndGlobal
